// !$*UTF8*$!
{
	archiveVersion = 1;
	classes = {
	};
	objectVersion = 46;
	objects = {

/* Begin PBXBuildFile section */
		4AB03F991DD319BA00C0C7C9 /* main.m in Sources */ = {isa = PBXBuildFile; fileRef = 4AB03F981DD319BA00C0C7C9 /* main.m */; };
		4AB03F9C1DD319BA00C0C7C9 /* AppDelegate.m in Sources */ = {isa = PBXBuildFile; fileRef = 4AB03F9B1DD319BA00C0C7C9 /* AppDelegate.m */; };
		4AB03FA21DD319BA00C0C7C9 /* Main.storyboard in Resources */ = {isa = PBXBuildFile; fileRef = 4AB03FA01DD319BA00C0C7C9 /* Main.storyboard */; };
		4AB03FA41DD319BA00C0C7C9 /* Assets.xcassets in Resources */ = {isa = PBXBuildFile; fileRef = 4AB03FA31DD319BA00C0C7C9 /* Assets.xcassets */; };
		4AB03FA71DD319BA00C0C7C9 /* LaunchScreen.storyboard in Resources */ = {isa = PBXBuildFile; fileRef = 4AB03FA51DD319BA00C0C7C9 /* LaunchScreen.storyboard */; };
		4AB03FBA1DD31A5F00C0C7C9 /* ViewController.m in Sources */ = {isa = PBXBuildFile; fileRef = 4AB03FB91DD31A5F00C0C7C9 /* ViewController.m */; };
		4AB03FBD1DD320E100C0C7C9 /* testController.m in Sources */ = {isa = PBXBuildFile; fileRef = 4AB03FBC1DD320E100C0C7C9 /* testController.m */; };
		4AB03FC01DD40EBE00C0C7C9 /* HQLCalendarView.m in Sources */ = {isa = PBXBuildFile; fileRef = 4AB03FBF1DD40EBE00C0C7C9 /* HQLCalendarView.m */; };
		4AB03FC31DD45B5E00C0C7C9 /* HQLCalendarCell.m in Sources */ = {isa = PBXBuildFile; fileRef = 4AB03FC21DD45B5E00C0C7C9 /* HQLCalendarCell.m */; };
		4AB03FC61DD4894300C0C7C9 /* UIView+ST.m in Sources */ = {isa = PBXBuildFile; fileRef = 4AB03FC51DD4894300C0C7C9 /* UIView+ST.m */; };
		4AB03FC91DD5958D00C0C7C9 /* HQLDrawGeometricShapeView.m in Sources */ = {isa = PBXBuildFile; fileRef = 4AB03FC81DD5958D00C0C7C9 /* HQLDrawGeometricShapeView.m */; };
/* End PBXBuildFile section */

/* Begin PBXFileReference section */
		4AB03F941DD319BA00C0C7C9 /* HQLCalendar.app */ = {isa = PBXFileReference; explicitFileType = wrapper.application; includeInIndex = 0; path = HQLCalendar.app; sourceTree = BUILT_PRODUCTS_DIR; };
		4AB03F981DD319BA00C0C7C9 /* main.m */ = {isa = PBXFileReference; lastKnownFileType = sourcecode.c.objc; path = main.m; sourceTree = "<group>"; };
		4AB03F9A1DD319BA00C0C7C9 /* AppDelegate.h */ = {isa = PBXFileReference; lastKnownFileType = sourcecode.c.h; path = AppDelegate.h; sourceTree = "<group>"; };
		4AB03F9B1DD319BA00C0C7C9 /* AppDelegate.m */ = {isa = PBXFileReference; lastKnownFileType = sourcecode.c.objc; path = AppDelegate.m; sourceTree = "<group>"; };
		4AB03FA11DD319BA00C0C7C9 /* Base */ = {isa = PBXFileReference; lastKnownFileType = file.storyboard; name = Base; path = Base.lproj/Main.storyboard; sourceTree = "<group>"; };
		4AB03FA31DD319BA00C0C7C9 /* Assets.xcassets */ = {isa = PBXFileReference; lastKnownFileType = folder.assetcatalog; path = Assets.xcassets; sourceTree = "<group>"; };
		4AB03FA61DD319BA00C0C7C9 /* Base */ = {isa = PBXFileReference; lastKnownFileType = file.storyboard; name = Base; path = Base.lproj/LaunchScreen.storyboard; sourceTree = "<group>"; };
		4AB03FA81DD319BA00C0C7C9 /* Info.plist */ = {isa = PBXFileReference; lastKnownFileType = text.plist.xml; path = Info.plist; sourceTree = "<group>"; };
		4AB03FB81DD31A5F00C0C7C9 /* ViewController.h */ = {isa = PBXFileReference; fileEncoding = 4; lastKnownFileType = sourcecode.c.h; path = ViewController.h; sourceTree = "<group>"; };
		4AB03FB91DD31A5F00C0C7C9 /* ViewController.m */ = {isa = PBXFileReference; fileEncoding = 4; lastKnownFileType = sourcecode.c.objc; path = ViewController.m; sourceTree = "<group>"; };
		4AB03FBB1DD320E100C0C7C9 /* testController.h */ = {isa = PBXFileReference; fileEncoding = 4; lastKnownFileType = sourcecode.c.h; path = testController.h; sourceTree = "<group>"; };
		4AB03FBC1DD320E100C0C7C9 /* testController.m */ = {isa = PBXFileReference; fileEncoding = 4; lastKnownFileType = sourcecode.c.objc; path = testController.m; sourceTree = "<group>"; };
		4AB03FBE1DD40EBE00C0C7C9 /* HQLCalendarView.h */ = {isa = PBXFileReference; fileEncoding = 4; lastKnownFileType = sourcecode.c.h; path = HQLCalendarView.h; sourceTree = "<group>"; };
		4AB03FBF1DD40EBE00C0C7C9 /* HQLCalendarView.m */ = {isa = PBXFileReference; fileEncoding = 4; lastKnownFileType = sourcecode.c.objc; path = HQLCalendarView.m; sourceTree = "<group>"; };
		4AB03FC11DD45B5D00C0C7C9 /* HQLCalendarCell.h */ = {isa = PBXFileReference; fileEncoding = 4; lastKnownFileType = sourcecode.c.h; path = HQLCalendarCell.h; sourceTree = "<group>"; };
		4AB03FC21DD45B5E00C0C7C9 /* HQLCalendarCell.m */ = {isa = PBXFileReference; fileEncoding = 4; lastKnownFileType = sourcecode.c.objc; path = HQLCalendarCell.m; sourceTree = "<group>"; };
		4AB03FC41DD4894300C0C7C9 /* UIView+ST.h */ = {isa = PBXFileReference; fileEncoding = 4; lastKnownFileType = sourcecode.c.h; path = "UIView+ST.h"; sourceTree = "<group>"; };
		4AB03FC51DD4894300C0C7C9 /* UIView+ST.m */ = {isa = PBXFileReference; fileEncoding = 4; lastKnownFileType = sourcecode.c.objc; path = "UIView+ST.m"; sourceTree = "<group>"; };
		4AB03FC71DD5958D00C0C7C9 /* HQLDrawGeometricShapeView.h */ = {isa = PBXFileReference; fileEncoding = 4; lastKnownFileType = sourcecode.c.h; path = HQLDrawGeometricShapeView.h; sourceTree = "<group>"; };
		4AB03FC81DD5958D00C0C7C9 /* HQLDrawGeometricShapeView.m */ = {isa = PBXFileReference; fileEncoding = 4; lastKnownFileType = sourcecode.c.objc; path = HQLDrawGeometricShapeView.m; sourceTree = "<group>"; };
/* End PBXFileReference section */

/* Begin PBXFrameworksBuildPhase section */
		4AB03F911DD319BA00C0C7C9 /* Frameworks */ = {
			isa = PBXFrameworksBuildPhase;
			buildActionMask = 2147483647;
			files = (
			);
			runOnlyForDeploymentPostprocessing = 0;
		};
/* End PBXFrameworksBuildPhase section */

/* Begin PBXGroup section */
		4AB03F8B1DD319BA00C0C7C9 = {
			isa = PBXGroup;
			children = (
				4AB03F961DD319BA00C0C7C9 /* HQLCalendar */,
				4AB03F951DD319BA00C0C7C9 /* Products */,
			);
			sourceTree = "<group>";
		};
		4AB03F951DD319BA00C0C7C9 /* Products */ = {
			isa = PBXGroup;
			children = (
				4AB03F941DD319BA00C0C7C9 /* HQLCalendar.app */,
			);
			name = Products;
			sourceTree = "<group>";
		};
		4AB03F961DD319BA00C0C7C9 /* HQLCalendar */ = {
			isa = PBXGroup;
			children = (
				4AB03FB31DD31A3700C0C7C9 /* Calendar */,
				4AB03FAE1DD319DA00C0C7C9 /* Source */,
				4AB03F971DD319BA00C0C7C9 /* Supporting Files */,
			);
			path = HQLCalendar;
			sourceTree = "<group>";
		};
		4AB03F971DD319BA00C0C7C9 /* Supporting Files */ = {
			isa = PBXGroup;
			children = (
				4AB03F981DD319BA00C0C7C9 /* main.m */,
			);
			name = "Supporting Files";
			sourceTree = "<group>";
		};
		4AB03FAE1DD319DA00C0C7C9 /* Source */ = {
			isa = PBXGroup;
			children = (
				4AB03F9A1DD319BA00C0C7C9 /* AppDelegate.h */,
				4AB03F9B1DD319BA00C0C7C9 /* AppDelegate.m */,
				4AB03FA01DD319BA00C0C7C9 /* Main.storyboard */,
				4AB03FA31DD319BA00C0C7C9 /* Assets.xcassets */,
				4AB03FA51DD319BA00C0C7C9 /* LaunchScreen.storyboard */,
				4AB03FA81DD319BA00C0C7C9 /* Info.plist */,
				4AB03FB81DD31A5F00C0C7C9 /* ViewController.h */,
				4AB03FB91DD31A5F00C0C7C9 /* ViewController.m */,
			);
			name = Source;
			sourceTree = "<group>";
		};
		4AB03FB31DD31A3700C0C7C9 /* Calendar */ = {
			isa = PBXGroup;
			children = (
				4AB03FB71DD31A5200C0C7C9 /* Lib */,
				4AB03FB41DD31A3700C0C7C9 /* Controller */,
				4AB03FB51DD31A3700C0C7C9 /* Model */,
				4AB03FB61DD31A3700C0C7C9 /* View */,
			);
			path = Calendar;
			sourceTree = "<group>";
		};
		4AB03FB41DD31A3700C0C7C9 /* Controller */ = {
			isa = PBXGroup;
			children = (
				4AB03FBB1DD320E100C0C7C9 /* testController.h */,
				4AB03FBC1DD320E100C0C7C9 /* testController.m */,
			);
			path = Controller;
			sourceTree = "<group>";
		};
		4AB03FB51DD31A3700C0C7C9 /* Model */ = {
			isa = PBXGroup;
			children = (
			);
			path = Model;
			sourceTree = "<group>";
		};
		4AB03FB61DD31A3700C0C7C9 /* View */ = {
			isa = PBXGroup;
			children = (
				4AB03FBE1DD40EBE00C0C7C9 /* HQLCalendarView.h */,
				4AB03FBF1DD40EBE00C0C7C9 /* HQLCalendarView.m */,
				4AB03FC11DD45B5D00C0C7C9 /* HQLCalendarCell.h */,
				4AB03FC21DD45B5E00C0C7C9 /* HQLCalendarCell.m */,
				4AB03FC71DD5958D00C0C7C9 /* HQLDrawGeometricShapeView.h */,
				4AB03FC81DD5958D00C0C7C9 /* HQLDrawGeometricShapeView.m */,
			);
			path = View;
			sourceTree = "<group>";
		};
		4AB03FB71DD31A5200C0C7C9 /* Lib */ = {
			isa = PBXGroup;
			children = (
				4AB03FC41DD4894300C0C7C9 /* UIView+ST.h */,
				4AB03FC51DD4894300C0C7C9 /* UIView+ST.m */,
			);
			path = Lib;
			sourceTree = "<group>";
		};
/* End PBXGroup section */

/* Begin PBXNativeTarget section */
		4AB03F931DD319BA00C0C7C9 /* HQLCalendar */ = {
			isa = PBXNativeTarget;
			buildConfigurationList = 4AB03FAB1DD319BA00C0C7C9 /* Build configuration list for PBXNativeTarget "HQLCalendar" */;
			buildPhases = (
				4AB03F901DD319BA00C0C7C9 /* Sources */,
				4AB03F911DD319BA00C0C7C9 /* Frameworks */,
				4AB03F921DD319BA00C0C7C9 /* Resources */,
			);
			buildRules = (
			);
			dependencies = (
			);
			name = HQLCalendar;
			productName = HQLCalendar;
			productReference = 4AB03F941DD319BA00C0C7C9 /* HQLCalendar.app */;
			productType = "com.apple.product-type.application";
		};
/* End PBXNativeTarget section */

/* Begin PBXProject section */
		4AB03F8C1DD319BA00C0C7C9 /* Project object */ = {
			isa = PBXProject;
			attributes = {
				LastUpgradeCheck = 0800;
				ORGANIZATIONNAME = weplus;
				TargetAttributes = {
					4AB03F931DD319BA00C0C7C9 = {
						CreatedOnToolsVersion = 8.0;
						DevelopmentTeam = X8GXYMZ6FW;
						ProvisioningStyle = Automatic;
					};
				};
			};
			buildConfigurationList = 4AB03F8F1DD319BA00C0C7C9 /* Build configuration list for PBXProject "HQLCalendar" */;
			compatibilityVersion = "Xcode 3.2";
			developmentRegion = English;
			hasScannedForEncodings = 0;
			knownRegions = (
				en,
				Base,
			);
			mainGroup = 4AB03F8B1DD319BA00C0C7C9;
			productRefGroup = 4AB03F951DD319BA00C0C7C9 /* Products */;
			projectDirPath = "";
			projectRoot = "";
			targets = (
				4AB03F931DD319BA00C0C7C9 /* HQLCalendar */,
			);
		};
/* End PBXProject section */

/* Begin PBXResourcesBuildPhase section */
		4AB03F921DD319BA00C0C7C9 /* Resources */ = {
			isa = PBXResourcesBuildPhase;
			buildActionMask = 2147483647;
			files = (
				4AB03FA71DD319BA00C0C7C9 /* LaunchScreen.storyboard in Resources */,
				4AB03FA41DD319BA00C0C7C9 /* Assets.xcassets in Resources */,
				4AB03FA21DD319BA00C0C7C9 /* Main.storyboard in Resources */,
			);
			runOnlyForDeploymentPostprocessing = 0;
		};
/* End PBXResourcesBuildPhase section */

/* Begin PBXSourcesBuildPhase section */
		4AB03F901DD319BA00C0C7C9 /* Sources */ = {
			isa = PBXSourcesBuildPhase;
			buildActionMask = 2147483647;
			files = (
				4AB03FBA1DD31A5F00C0C7C9 /* ViewController.m in Sources */,
				4AB03FC01DD40EBE00C0C7C9 /* HQLCalendarView.m in Sources */,
				4AB03F9C1DD319BA00C0C7C9 /* AppDelegate.m in Sources */,
				4AB03F991DD319BA00C0C7C9 /* main.m in Sources */,
				4AB03FC91DD5958D00C0C7C9 /* HQLDrawGeometricShapeView.m in Sources */,
				4AB03FBD1DD320E100C0C7C9 /* testController.m in Sources */,
				4AB03FC31DD45B5E00C0C7C9 /* HQLCalendarCell.m in Sources */,
				4AB03FC61DD4894300C0C7C9 /* UIView+ST.m in Sources */,
			);
			runOnlyForDeploymentPostprocessing = 0;
		};
/* End PBXSourcesBuildPhase section */

/* Begin PBXVariantGroup section */
		4AB03FA01DD319BA00C0C7C9 /* Main.storyboard */ = {
			isa = PBXVariantGroup;
			children = (
				4AB03FA11DD319BA00C0C7C9 /* Base */,
			);
			name = Main.storyboard;
			sourceTree = "<group>";
		};
		4AB03FA51DD319BA00C0C7C9 /* LaunchScreen.storyboard */ = {
			isa = PBXVariantGroup;
			children = (
				4AB03FA61DD319BA00C0C7C9 /* Base */,
			);
			name = LaunchScreen.storyboard;
			sourceTree = "<group>";
		};
/* End PBXVariantGroup section */

/* Begin XCBuildConfiguration section */
		4AB03FA91DD319BA00C0C7C9 /* Debug */ = {
			isa = XCBuildConfiguration;
			buildSettings = {
				ALWAYS_SEARCH_USER_PATHS = NO;
				CLANG_ANALYZER_NONNULL = YES;
				CLANG_CXX_LANGUAGE_STANDARD = "gnu++0x";
				CLANG_CXX_LIBRARY = "libc++";
				CLANG_ENABLE_MODULES = YES;
				CLANG_ENABLE_OBJC_ARC = YES;
				CLANG_WARN_BOOL_CONVERSION = YES;
				CLANG_WARN_CONSTANT_CONVERSION = YES;
				CLANG_WARN_DIRECT_OBJC_ISA_USAGE = YES_ERROR;
				CLANG_WARN_DOCUMENTATION_COMMENTS = YES;
				CLANG_WARN_EMPTY_BODY = YES;
				CLANG_WARN_ENUM_CONVERSION = YES;
				CLANG_WARN_INFINITE_RECURSION = YES;
				CLANG_WARN_INT_CONVERSION = YES;
				CLANG_WARN_OBJC_ROOT_CLASS = YES_ERROR;
				CLANG_WARN_SUSPICIOUS_MOVES = YES;
				CLANG_WARN_UNREACHABLE_CODE = YES;
				CLANG_WARN__DUPLICATE_METHOD_MATCH = YES;
				"CODE_SIGN_IDENTITY[sdk=iphoneos*]" = "iPhone Developer";
				COPY_PHASE_STRIP = NO;
				DEBUG_INFORMATION_FORMAT = dwarf;
				ENABLE_STRICT_OBJC_MSGSEND = YES;
				ENABLE_TESTABILITY = YES;
				GCC_C_LANGUAGE_STANDARD = gnu99;
				GCC_DYNAMIC_NO_PIC = NO;
				GCC_NO_COMMON_BLOCKS = YES;
				GCC_OPTIMIZATION_LEVEL = 0;
				GCC_PREPROCESSOR_DEFINITIONS = (
					"DEBUG=1",
					"$(inherited)",
				);
				GCC_WARN_64_TO_32_BIT_CONVERSION = YES;
				GCC_WARN_ABOUT_RETURN_TYPE = YES_ERROR;
				GCC_WARN_UNDECLARED_SELECTOR = YES;
				GCC_WARN_UNINITIALIZED_AUTOS = YES_AGGRESSIVE;
				GCC_WARN_UNUSED_FUNCTION = YES;
				GCC_WARN_UNUSED_VARIABLE = YES;
				IPHONEOS_DEPLOYMENT_TARGET = 10.0;
				MTL_ENABLE_DEBUG_INFO = YES;
				ONLY_ACTIVE_ARCH = YES;
				SDKROOT = iphoneos;
				TARGETED_DEVICE_FAMILY = "1,2";
			};
			name = Debug;
		};
		4AB03FAA1DD319BA00C0C7C9 /* Release */ = {
			isa = XCBuildConfiguration;
			buildSettings = {
				ALWAYS_SEARCH_USER_PATHS = NO;
				CLANG_ANALYZER_NONNULL = YES;
				CLANG_CXX_LANGUAGE_STANDARD = "gnu++0x";
				CLANG_CXX_LIBRARY = "libc++";
				CLANG_ENABLE_MODULES = YES;
				CLANG_ENABLE_OBJC_ARC = YES;
				CLANG_WARN_BOOL_CONVERSION = YES;
				CLANG_WARN_CONSTANT_CONVERSION = YES;
				CLANG_WARN_DIRECT_OBJC_ISA_USAGE = YES_ERROR;
				CLANG_WARN_DOCUMENTATION_COMMENTS = YES;
				CLANG_WARN_EMPTY_BODY = YES;
				CLANG_WARN_ENUM_CONVERSION = YES;
				CLANG_WARN_INFINITE_RECURSION = YES;
				CLANG_WARN_INT_CONVERSION = YES;
				CLANG_WARN_OBJC_ROOT_CLASS = YES_ERROR;
				CLANG_WARN_SUSPICIOUS_MOVES = YES;
				CLANG_WARN_UNREACHABLE_CODE = YES;
				CLANG_WARN__DUPLICATE_METHOD_MATCH = YES;
				"CODE_SIGN_IDENTITY[sdk=iphoneos*]" = "iPhone Developer";
				COPY_PHASE_STRIP = NO;
				DEBUG_INFORMATION_FORMAT = "dwarf-with-dsym";
				ENABLE_NS_ASSERTIONS = NO;
				ENABLE_STRICT_OBJC_MSGSEND = YES;
				GCC_C_LANGUAGE_STANDARD = gnu99;
				GCC_NO_COMMON_BLOCKS = YES;
				GCC_WARN_64_TO_32_BIT_CONVERSION = YES;
				GCC_WARN_ABOUT_RETURN_TYPE = YES_ERROR;
				GCC_WARN_UNDECLARED_SELECTOR = YES;
				GCC_WARN_UNINITIALIZED_AUTOS = YES_AGGRESSIVE;
				GCC_WARN_UNUSED_FUNCTION = YES;
				GCC_WARN_UNUSED_VARIABLE = YES;
				IPHONEOS_DEPLOYMENT_TARGET = 10.0;
				MTL_ENABLE_DEBUG_INFO = NO;
				SDKROOT = iphoneos;
				TARGETED_DEVICE_FAMILY = "1,2";
				VALIDATE_PRODUCT = YES;
			};
			name = Release;
		};
		4AB03FAC1DD319BA00C0C7C9 /* Debug */ = {
			isa = XCBuildConfiguration;
			buildSettings = {
				ASSETCATALOG_COMPILER_APPICON_NAME = AppIcon;
				DEVELOPMENT_TEAM = X8GXYMZ6FW;
				INFOPLIST_FILE = HQLCalendar/Info.plist;
				LD_RUNPATH_SEARCH_PATHS = "$(inherited) @executable_path/Frameworks";
				PRODUCT_BUNDLE_IDENTIFIER = cn.weplus.HQLCalendar;
				PRODUCT_NAME = "$(TARGET_NAME)";
			};
			name = Debug;
		};
		4AB03FAD1DD319BA00C0C7C9 /* Release */ = {
			isa = XCBuildConfiguration;
			buildSettings = {
				ASSETCATALOG_COMPILER_APPICON_NAME = AppIcon;
				DEVELOPMENT_TEAM = X8GXYMZ6FW;
				INFOPLIST_FILE = HQLCalendar/Info.plist;
				LD_RUNPATH_SEARCH_PATHS = "$(inherited) @executable_path/Frameworks";
				PRODUCT_BUNDLE_IDENTIFIER = cn.weplus.HQLCalendar;
				PRODUCT_NAME = "$(TARGET_NAME)";
			};
			name = Release;
		};
/* End XCBuildConfiguration section */

/* Begin XCConfigurationList section */
		4AB03F8F1DD319BA00C0C7C9 /* Build configuration list for PBXProject "HQLCalendar" */ = {
			isa = XCConfigurationList;
			buildConfigurations = (
				4AB03FA91DD319BA00C0C7C9 /* Debug */,
				4AB03FAA1DD319BA00C0C7C9 /* Release */,
			);
			defaultConfigurationIsVisible = 0;
			defaultConfigurationName = Release;
		};
		4AB03FAB1DD319BA00C0C7C9 /* Build configuration list for PBXNativeTarget "HQLCalendar" */ = {
			isa = XCConfigurationList;
			buildConfigurations = (
				4AB03FAC1DD319BA00C0C7C9 /* Debug */,
				4AB03FAD1DD319BA00C0C7C9 /* Release */,
			);
			defaultConfigurationIsVisible = 0;
			defaultConfigurationName = Release;
		};
/* End XCConfigurationList section */
	};
	rootObject = 4AB03F8C1DD319BA00C0C7C9 /* Project object */;
}
